
Microsoft Visual Studio Solution File, Format Version 12.00
# Visual Studio Version 17
VisualStudioVersion = 17.2.32526.322
MinimumVisualStudioVersion = 10.0.40219.1
Project("{FAE04EC0-301F-11D3-BF4B-00C04F79EFBC}") = "CSVMVC", "CSVMVC\CSVMVC.csproj", "{DCC0EF95-0D3A-4470-ACF8-AAB2F5B3779A}"
EndProject
Global
	GlobalSection(SolutionConfigurationPlatforms) = preSolution
		Debug|Any CPU = Debug|Any CPU
		Release|Any CPU = Release|Any CPU
	EndGlobalSection
	GlobalSection(ProjectConfigurationPlatforms) = postSolution
		{DCC0EF95-0D3A-4470-ACF8-AAB2F5B3779A}.Debug|Any CPU.ActiveCfg = Debug|Any CPU
		{DCC0EF95-0D3A-4470-ACF8-AAB2F5B3779A}.Debug|Any CPU.Build.0 = Debug|Any CPU
		{DCC0EF95-0D3A-4470-ACF8-AAB2F5B3779A}.Release|Any CPU.ActiveCfg = Release|Any CPU
		{DCC0EF95-0D3A-4470-ACF8-AAB2F5B3779A}.Release|Any CPU.Build.0 = Release|Any CPU
	EndGlobalSection
	GlobalSection(SolutionProperties) = preSolution
		HideSolutionNode = FALSE
	EndGlobalSection
	GlobalSection(ExtensibilityGlobals) = postSolution
		SolutionGuid = {DF18F1EE-2848-4D0C-A4A9-6EC6BF830FB3}
	EndGlobalSection
EndGlobal
